
Microsoft Visual Studio Solution File, Format Version 12.00
# Visual Studio Version 17
VisualStudioVersion = 17.13.35825.156 d17.13
MinimumVisualStudioVersion = 10.0.40219.1
Project("{FAE04EC0-301F-11D3-BF4B-00C04F79EFBC}") = "Example", "Example\Example.csproj", "{5BDD184F-D423-47A4-9A05-30DC2A892A8B}"
EndProject
Global
	GlobalSection(SolutionConfigurationPlatforms) = preSolution
		Debug|Any CPU = Debug|Any CPU
		Release|Any CPU = Release|Any CPU
	EndGlobalSection
	GlobalSection(ProjectConfigurationPlatforms) = postSolution
		{5BDD184F-D423-47A4-9A05-30DC2A892A8B}.Debug|Any CPU.ActiveCfg = Debug|Any CPU
		{5BDD184F-D423-47A4-9A05-30DC2A892A8B}.Debug|Any CPU.Build.0 = Debug|Any CPU
		{5BDD184F-D423-47A4-9A05-30DC2A892A8B}.Release|Any CPU.ActiveCfg = Release|Any CPU
		{5BDD184F-D423-47A4-9A05-30DC2A892A8B}.Release|Any CPU.Build.0 = Release|Any CPU
	EndGlobalSection
	GlobalSection(SolutionProperties) = preSolution
		HideSolutionNode = FALSE
	EndGlobalSection
	GlobalSection(ExtensibilityGlobals) = postSolution
		SolutionGuid = {C904F491-403B-43EA-A934-97885C838EFB}
	EndGlobalSection
EndGlobal
